<?xml version="1.0"?>
<CONFIG>
  <ProjectOptions>
    <Version Value="9"/>
    <PathDelim Value="\"/>
    <General>
      <MainUnit Value="0"/>
      <ResourceType Value="res"/>
      <UseXPManifest Value="True"/>
      <Icon Value="0"/>
      <ActiveWindowIndexAtStart Value="0"/>
    </General>
    <i18n>
      <EnableI18N LFM="False"/>
    </i18n>
    <VersionInfo>
      <StringTable ProductVersion=""/>
    </VersionInfo>
    <BuildModes Count="1" Active="Default">
      <Item1 Name="Default" Default="True"/>
    </BuildModes>
    <PublishOptions>
      <Version Value="2"/>
      <IncludeFileFilter Value="*.(pas|pp|inc|lfm|lpr|lrs|lpi|lpk|sh|xml)"/>
      <ExcludeFileFilter Value="*.(bak|ppu|o|so);*~;backup"/>
    </PublishOptions>
    <RunParams>
      <local>
        <FormatVersion Value="1"/>
      </local>
    </RunParams>
    <RequiredPackages Count="4">
      <Item1>
        <PackageName Value="imagesforlazarus"/>
      </Item1>
      <Item2>
        <PackageName Value="SynEdit"/>
        <MinVersion Major="1" Valid="True"/>
      </Item2>
      <Item3>
        <PackageName Value="SelectOnRuntime"/>
        <MinVersion Valid="True"/>
      </Item3>
      <Item4>
        <PackageName Value="LCL"/>
      </Item4>
    </RequiredPackages>
    <Units Count="57">
      <Unit0>
        <Filename Value="s_frm_dsgn.lpr"/>
        <IsPartOfProject Value="True"/>
        <UnitName Value="s_frm_dsgn"/>
        <EditorIndex Value="5"/>
        <WindowIndex Value="0"/>
        <TopLine Value="1"/>
        <CursorPos X="1" Y="22"/>
        <UsageCount Value="201"/>
        <Loaded Value="True"/>
      </Unit0>
      <Unit1>
        <Filename Value="frmdesigner.pas"/>
        <IsPartOfProject Value="True"/>
        <ComponentName Value="CompForm"/>
        <HasResources Value="True"/>
        <ResourceBaseClass Value="Form"/>
        <UnitName Value="frmdesigner"/>
        <EditorIndex Value="7"/>
        <WindowIndex Value="0"/>
        <TopLine Value="401"/>
        <CursorPos X="3" Y="367"/>
        <UsageCount Value="201"/>
        <Loaded Value="True"/>
        <LoadedDesigner Value="True"/>
      </Unit1>
      <Unit2>
        <Filename Value="..\uselectonruntime.pas"/>
        <UnitName Value="uselectonruntime"/>
        <WindowIndex Value="0"/>
        <TopLine Value="864"/>
        <CursorPos X="24" Y="886"/>
        <UsageCount Value="10"/>
      </Unit2>
      <Unit3>
        <Filename Value="C:\lazarus\fpc\2.6.0\source\rtl\objpas\classes\classesh.inc"/>
        <WindowIndex Value="0"/>
        <TopLine Value="1680"/>
        <CursorPos X="14" Y="1692"/>
        <UsageCount Value="10"/>
      </Unit3>
      <Unit4>
        <Filename Value="design_frm.pas"/>
        <IsPartOfProject Value="True"/>
        <ComponentName Value="DsgnForm"/>
        <HasResources Value="True"/>
        <ResourceBaseClass Value="Form"/>
        <UnitName Value="design_frm"/>
        <IsVisibleTab Value="True"/>
        <EditorIndex Value="0"/>
        <WindowIndex Value="0"/>
        <TopLine Value="261"/>
        <CursorPos X="50" Y="281"/>
        <UsageCount Value="202"/>
        <Loaded Value="True"/>
        <LoadedDesigner Value="True"/>
      </Unit4>
      <Unit5>
        <Filename Value="C:\lazarus\lcl\include\customform.inc"/>
        <WindowIndex Value="0"/>
        <TopLine Value="68"/>
        <CursorPos X="1" Y="82"/>
        <UsageCount Value="2"/>
      </Unit5>
      <Unit6>
        <Filename Value="C:\lazarus\lcl\lcltype.pp"/>
        <UnitName Value="LCLType"/>
        <WindowIndex Value="0"/>
        <TopLine Value="423"/>
        <CursorPos X="19" Y="432"/>
        <UsageCount Value="9"/>
      </Unit6>
      <Unit7>
        <Filename Value="..\cselectonruntime.pas"/>
        <UnitName Value="cSelectOnRunTime"/>
        <WindowIndex Value="0"/>
        <TopLine Value="130"/>
        <CursorPos X="14" Y="169"/>
        <UsageCount Value="6"/>
      </Unit7>
      <Unit8>
        <Filename Value="C:\lazarus\lcl\include\control.inc"/>
        <EditorIndex Value="1"/>
        <WindowIndex Value="0"/>
        <TopLine Value="1100"/>
        <CursorPos X="1" Y="1118"/>
        <UsageCount Value="50"/>
        <Loaded Value="True"/>
      </Unit8>
      <Unit9>
        <Filename Value="C:\lazarus\lcl\include\wincontrol.inc"/>
        <WindowIndex Value="0"/>
        <TopLine Value="6264"/>
        <CursorPos X="1" Y="6280"/>
        <UsageCount Value="26"/>
      </Unit9>
      <Unit10>
        <Filename Value="C:\lazarus\lcl\interfaces\win32\win32callback.inc"/>
        <WindowIndex Value="0"/>
        <TopLine Value="2209"/>
        <CursorPos X="1" Y="2224"/>
        <UsageCount Value="20"/>
      </Unit10>
      <Unit11>
        <Filename Value="gsvobjectinspector.pas"/>
        <UnitName Value="GsvObjectInspector"/>
        <WindowIndex Value="0"/>
        <TopLine Value="1"/>
        <CursorPos X="1" Y="1"/>
        <UsageCount Value="8"/>
      </Unit11>
      <Unit12>
        <Filename Value="gsvobjectinspectorgrid.pas"/>
        <UnitName Value="GsvObjectInspectorGrid"/>
        <WindowIndex Value="0"/>
        <TopLine Value="97"/>
        <CursorPos X="19" Y="4"/>
        <UsageCount Value="2"/>
      </Unit12>
      <Unit13>
        <Filename Value="oi.pas"/>
        <UnitName Value="oi"/>
        <WindowIndex Value="0"/>
        <TopLine Value="278"/>
        <CursorPos X="33" Y="308"/>
        <UsageCount Value="8"/>
      </Unit13>
      <Unit14>
        <Filename Value="C:\lazarus\fpc\2.6.0\source\rtl\objpas\typinfo.pp"/>
        <UnitName Value="typinfo"/>
        <WindowIndex Value="0"/>
        <TopLine Value="358"/>
        <CursorPos X="10" Y="340"/>
        <UsageCount Value="51"/>
      </Unit14>
      <Unit15>
        <Filename Value="props.pas"/>
        <UnitName Value="props"/>
        <WindowIndex Value="0"/>
        <TopLine Value="27"/>
        <CursorPos X="12" Y="57"/>
        <UsageCount Value="39"/>
      </Unit15>
      <Unit16>
        <Filename Value="sclist.pas"/>
        <IsPartOfProject Value="True"/>
        <UnitName Value="sclist"/>
        <EditorIndex Value="4"/>
        <WindowIndex Value="0"/>
        <TopLine Value="38"/>
        <CursorPos X="1" Y="59"/>
        <UsageCount Value="216"/>
        <Loaded Value="True"/>
      </Unit16>
      <Unit17>
        <Filename Value="C:\lazarus\lcl\dynamicarray.pas"/>
        <UnitName Value="DynamicArray"/>
        <WindowIndex Value="0"/>
        <TopLine Value="56"/>
        <CursorPos X="1" Y="69"/>
        <UsageCount Value="9"/>
      </Unit17>
      <Unit18>
        <Filename Value="C:\lazarus\lcl\interfaces\win32\win32wsstdctrls.pp"/>
        <UnitName Value="Win32WSStdCtrls"/>
        <WindowIndex Value="0"/>
        <TopLine Value="1572"/>
        <CursorPos X="10" Y="1584"/>
        <UsageCount Value="8"/>
      </Unit18>
      <Unit19>
        <Filename Value="code.pas"/>
        <IsPartOfProject Value="True"/>
        <ComponentName Value="CodeGen"/>
        <HasResources Value="True"/>
        <ResourceBaseClass Value="Form"/>
        <UnitName Value="code"/>
        <EditorIndex Value="8"/>
        <WindowIndex Value="0"/>
        <TopLine Value="485"/>
        <CursorPos X="53" Y="500"/>
        <UsageCount Value="205"/>
        <Loaded Value="True"/>
        <LoadedDesigner Value="True"/>
      </Unit19>
      <Unit20>
        <Filename Value="C:\lazarus\lcl\interfaces\win32\win32wscontrols.pp"/>
        <UnitName Value="Win32WSControls"/>
        <WindowIndex Value="0"/>
        <TopLine Value="255"/>
        <CursorPos X="102" Y="274"/>
        <UsageCount Value="9"/>
      </Unit20>
      <Unit21>
        <Filename Value="C:\lazarus\lcl\include\application.inc"/>
        <WindowIndex Value="0"/>
        <TopLine Value="2076"/>
        <CursorPos X="1" Y="2090"/>
        <UsageCount Value="10"/>
      </Unit21>
      <Unit22>
        <Filename Value="C:\lazarus\lcl\interfaces\win32\win32wsforms.pp"/>
        <UnitName Value="Win32WSForms"/>
        <WindowIndex Value="0"/>
        <TopLine Value="346"/>
        <CursorPos X="1" Y="358"/>
        <UsageCount Value="9"/>
      </Unit22>
      <Unit23>
        <Filename Value="gsvobjectinspectortypes.pas"/>
        <UnitName Value="GsvObjectInspectorTypes"/>
        <WindowIndex Value="0"/>
        <TopLine Value="78"/>
        <CursorPos X="3" Y="72"/>
        <UsageCount Value="9"/>
      </Unit23>
      <Unit24>
        <Filename Value="uinfo.pas"/>
        <UnitName Value="uinfo"/>
        <WindowIndex Value="0"/>
        <TopLine Value="106"/>
        <CursorPos X="12" Y="124"/>
        <UsageCount Value="2"/>
      </Unit24>
      <Unit25>
        <Filename Value="property.pas"/>
        <UnitName Value="property"/>
        <WindowIndex Value="0"/>
        <TopLine Value="1"/>
        <CursorPos X="23" Y="5"/>
        <UsageCount Value="2"/>
      </Unit25>
      <Unit26>
        <Filename Value="uprops.pas"/>
        <UnitName Value="uprops"/>
        <WindowIndex Value="0"/>
        <TopLine Value="1"/>
        <CursorPos X="30" Y="8"/>
        <UsageCount Value="3"/>
      </Unit26>
      <Unit27>
        <Filename Value="proplist.pas"/>
        <UnitName Value="proplist"/>
        <WindowIndex Value="0"/>
        <TopLine Value="1"/>
        <CursorPos X="6" Y="7"/>
        <UsageCount Value="3"/>
      </Unit27>
      <Unit28>
        <Filename Value="propinfo.pas"/>
        <UnitName Value="propinfo"/>
        <WindowIndex Value="0"/>
        <TopLine Value="37"/>
        <CursorPos X="17" Y="55"/>
        <UsageCount Value="3"/>
      </Unit28>
      <Unit29>
        <Filename Value="u_props.pas"/>
        <UnitName Value="u_props"/>
        <WindowIndex Value="0"/>
        <TopLine Value="1"/>
        <CursorPos X="70" Y="18"/>
        <UsageCount Value="5"/>
      </Unit29>
      <Unit30>
        <Filename Value="main.lfm"/>
        <WindowIndex Value="0"/>
        <TopLine Value="1"/>
        <CursorPos X="1" Y="1"/>
        <UsageCount Value="27"/>
        <DefaultSyntaxHighlighter Value="LFM"/>
      </Unit30>
      <Unit31>
        <Filename Value="uinplace.pas"/>
        <UnitName Value="uInplace"/>
        <WindowIndex Value="0"/>
        <TopLine Value="7"/>
        <CursorPos X="40" Y="25"/>
        <UsageCount Value="4"/>
      </Unit31>
      <Unit32>
        <Filename Value="C:\lazarus\lcl\include\listitems.inc"/>
        <WindowIndex Value="0"/>
        <TopLine Value="103"/>
        <CursorPos X="1" Y="123"/>
        <UsageCount Value="3"/>
      </Unit32>
      <Unit33>
        <Filename Value="C:\lazarus\lcl\include\listitem.inc"/>
        <WindowIndex Value="0"/>
        <TopLine Value="341"/>
        <CursorPos X="1" Y="359"/>
        <UsageCount Value="3"/>
      </Unit33>
      <Unit34>
        <Filename Value="C:\lazarus\lcl\include\buttoncontrol.inc"/>
        <WindowIndex Value="0"/>
        <TopLine Value="62"/>
        <CursorPos X="1" Y="63"/>
        <UsageCount Value="3"/>
      </Unit34>
      <Unit35>
        <Filename Value="C:\lazarus\lcl\include\buttons.inc"/>
        <WindowIndex Value="0"/>
        <TopLine Value="175"/>
        <CursorPos X="1" Y="175"/>
        <UsageCount Value="3"/>
      </Unit35>
      <Unit36>
        <Filename Value="C:\lazarus\lcl\comctrls.pp"/>
        <UnitName Value="ComCtrls"/>
        <WindowIndex Value="0"/>
        <TopLine Value="230"/>
        <CursorPos X="12" Y="3058"/>
        <UsageCount Value="5"/>
      </Unit36>
      <Unit37>
        <Filename Value="C:\lazarus\lcl\include\menuitem.inc"/>
        <WindowIndex Value="0"/>
        <TopLine Value="243"/>
        <CursorPos X="1" Y="258"/>
        <UsageCount Value="23"/>
      </Unit37>
      <Unit38>
        <Filename Value="C:\lazarus\lcl\include\picture.inc"/>
        <WindowIndex Value="0"/>
        <TopLine Value="472"/>
        <CursorPos X="5" Y="499"/>
        <UsageCount Value="8"/>
      </Unit38>
      <Unit39>
        <Filename Value="cstruct.pas"/>
        <UnitName Value="cstruct"/>
        <WindowIndex Value="0"/>
        <TopLine Value="1"/>
        <CursorPos X="28" Y="18"/>
        <UsageCount Value="8"/>
      </Unit39>
      <Unit40>
        <Filename Value="C:\lazarus\fpc\2.6.0\source\rtl\objpas\sysutils\filutilh.inc"/>
        <WindowIndex Value="0"/>
        <TopLine Value="44"/>
        <CursorPos X="3" Y="57"/>
        <UsageCount Value="23"/>
      </Unit40>
      <Unit41>
        <Filename Value="C:\lazarus\lcl\lresources.pp"/>
        <UnitName Value="LResources"/>
        <WindowIndex Value="0"/>
        <TopLine Value="3709"/>
        <CursorPos X="1" Y="3727"/>
        <UsageCount Value="18"/>
      </Unit41>
      <Unit42>
        <Filename Value="C:\FPC\2.4.4\fpc-2.4.4\rtl\win\wininc\messages.inc"/>
        <WindowIndex Value="0"/>
        <TopLine Value="1159"/>
        <CursorPos X="6" Y="1177"/>
        <UsageCount Value="10"/>
      </Unit42>
      <Unit43>
        <Filename Value="SimbaParts\bitmaps.pas"/>
        <IsPartOfProject Value="True"/>
        <UnitName Value="bitmaps"/>
        <EditorIndex Value="6"/>
        <WindowIndex Value="0"/>
        <TopLine Value="1612"/>
        <CursorPos X="1" Y="1636"/>
        <UsageCount Value="102"/>
        <Loaded Value="True"/>
      </Unit43>
      <Unit44>
        <Filename Value="SimbaParts\mufasabase.pas"/>
        <IsPartOfProject Value="True"/>
        <UnitName Value="mufasabase"/>
        <WindowIndex Value="0"/>
        <TopLine Value="16"/>
        <CursorPos X="3" Y="34"/>
        <UsageCount Value="102"/>
      </Unit44>
      <Unit45>
        <Filename Value="SimbaParts\mufasatypes.pas"/>
        <IsPartOfProject Value="True"/>
        <UnitName Value="mufasatypes"/>
        <UsageCount Value="102"/>
      </Unit45>
      <Unit46>
        <Filename Value="..\Simba\Units\Misc\DCPCrypt\dcpbase64.pas"/>
        <IsPartOfProject Value="True"/>
        <UnitName Value="dcpbase64"/>
        <UsageCount Value="102"/>
      </Unit46>
      <Unit47>
        <Filename Value="..\Simba\Units\MMLCore\client.pas"/>
        <IsPartOfProject Value="True"/>
        <UnitName Value="client"/>
        <UsageCount Value="102"/>
      </Unit47>
      <Unit48>
        <Filename Value="..\Simba\Units\MMLCore\os_windows.pas"/>
        <UnitName Value="os_windows"/>
        <WindowIndex Value="0"/>
        <TopLine Value="7"/>
        <CursorPos X="72" Y="40"/>
        <UsageCount Value="2"/>
      </Unit48>
      <Unit49>
        <Filename Value="SimbaParts\winkeyinput.pas"/>
        <IsPartOfProject Value="True"/>
        <UnitName Value="WinKeyInput"/>
        <WindowIndex Value="0"/>
        <TopLine Value="8"/>
        <CursorPos X="11" Y="26"/>
        <UsageCount Value="102"/>
      </Unit49>
      <Unit50>
        <Filename Value="SimbaParts\keyinputintf.pas"/>
        <IsPartOfProject Value="True"/>
        <UnitName Value="KeyInputIntf"/>
        <WindowIndex Value="0"/>
        <TopLine Value="60"/>
        <CursorPos X="1" Y="95"/>
        <UsageCount Value="101"/>
      </Unit50>
      <Unit51>
        <Filename Value="C:\lazarus\lcl\include\fpimagebitmap.inc"/>
        <WindowIndex Value="0"/>
        <TopLine Value="129"/>
        <CursorPos X="1" Y="147"/>
        <UsageCount Value="42"/>
      </Unit51>
      <Unit52>
        <Filename Value="C:\lazarus\components\images\lazjpg.pas"/>
        <UnitName Value="LazJPG"/>
        <EditorIndex Value="3"/>
        <WindowIndex Value="0"/>
        <TopLine Value="1"/>
        <CursorPos X="1" Y="1"/>
        <UsageCount Value="23"/>
        <Loaded Value="True"/>
      </Unit52>
      <Unit53>
        <Filename Value="code.lfm"/>
        <WindowIndex Value="0"/>
        <TopLine Value="1"/>
        <CursorPos X="1" Y="1"/>
        <UsageCount Value="20"/>
        <DefaultSyntaxHighlighter Value="LFM"/>
      </Unit53>
      <Unit54>
        <Filename Value="C:\lazarus\lcl\include\graphic.inc"/>
        <EditorIndex Value="2"/>
        <WindowIndex Value="0"/>
        <TopLine Value="224"/>
        <CursorPos X="1" Y="252"/>
        <UsageCount Value="22"/>
        <Loaded Value="True"/>
      </Unit54>
      <Unit55>
        <Filename Value="C:\lazarus\lcl\controls.pp"/>
        <UnitName Value="Controls"/>
        <WindowIndex Value="0"/>
        <TopLine Value="3756"/>
        <CursorPos X="53" Y="132"/>
        <UsageCount Value="13"/>
      </Unit55>
      <Unit56>
        <Filename Value="cselectonruntime.pas"/>
        <UnitName Value="cSelectOnRunTime"/>
        <WindowIndex Value="0"/>
        <TopLine Value="609"/>
        <CursorPos X="1" Y="624"/>
        <UsageCount Value="10"/>
      </Unit56>
    </Units>
    <JumpHistory Count="28" HistoryIndex="27">
      <Position1>
        <Filename Value="frmdesigner.pas"/>
        <Caret Line="583" Column="1" TopLine="566"/>
      </Position1>
      <Position2>
        <Filename Value="frmdesigner.pas"/>
        <Caret Line="585" Column="1" TopLine="566"/>
      </Position2>
      <Position3>
        <Filename Value="frmdesigner.pas"/>
        <Caret Line="583" Column="1" TopLine="566"/>
      </Position3>
      <Position4>
        <Filename Value="frmdesigner.pas"/>
        <Caret Line="585" Column="1" TopLine="566"/>
      </Position4>
      <Position5>
        <Filename Value="frmdesigner.pas"/>
        <Caret Line="583" Column="1" TopLine="566"/>
      </Position5>
      <Position6>
        <Filename Value="code.pas"/>
        <Caret Line="465" Column="60" TopLine="442"/>
      </Position6>
      <Position7>
        <Filename Value="code.pas"/>
        <Caret Line="500" Column="53" TopLine="485"/>
      </Position7>
      <Position8>
        <Filename Value="design_frm.pas"/>
        <Caret Line="273" Column="16" TopLine="265"/>
      </Position8>
      <Position9>
        <Filename Value="design_frm.pas"/>
        <Caret Line="274" Column="57" TopLine="258"/>
      </Position9>
      <Position10>
        <Filename Value="design_frm.pas"/>
        <Caret Line="267" Column="1" TopLine="258"/>
      </Position10>
      <Position11>
        <Filename Value="design_frm.pas"/>
        <Caret Line="268" Column="1" TopLine="258"/>
      </Position11>
      <Position12>
        <Filename Value="design_frm.pas"/>
        <Caret Line="269" Column="1" TopLine="258"/>
      </Position12>
      <Position13>
        <Filename Value="design_frm.pas"/>
        <Caret Line="270" Column="1" TopLine="258"/>
      </Position13>
      <Position14>
        <Filename Value="design_frm.pas"/>
        <Caret Line="271" Column="1" TopLine="258"/>
      </Position14>
      <Position15>
        <Filename Value="design_frm.pas"/>
        <Caret Line="272" Column="1" TopLine="258"/>
      </Position15>
      <Position16>
        <Filename Value="design_frm.pas"/>
        <Caret Line="274" Column="1" TopLine="258"/>
      </Position16>
      <Position17>
        <Filename Value="design_frm.pas"/>
        <Caret Line="273" Column="11" TopLine="258"/>
      </Position17>
      <Position18>
        <Filename Value="design_frm.pas"/>
        <Caret Line="267" Column="1" TopLine="258"/>
      </Position18>
      <Position19>
        <Filename Value="design_frm.pas"/>
        <Caret Line="273" Column="40" TopLine="258"/>
      </Position19>
      <Position20>
        <Filename Value="design_frm.pas"/>
        <Caret Line="267" Column="1" TopLine="258"/>
      </Position20>
      <Position21>
        <Filename Value="design_frm.pas"/>
        <Caret Line="274" Column="97" TopLine="260"/>
      </Position21>
      <Position22>
        <Filename Value="design_frm.pas"/>
        <Caret Line="267" Column="1" TopLine="260"/>
      </Position22>
      <Position23>
        <Filename Value="frmdesigner.pas"/>
        <Caret Line="353" Column="38" TopLine="345"/>
      </Position23>
      <Position24>
        <Filename Value="design_frm.pas"/>
        <Caret Line="271" Column="8" TopLine="260"/>
      </Position24>
      <Position25>
        <Filename Value="design_frm.pas"/>
        <Caret Line="281" Column="38" TopLine="260"/>
      </Position25>
      <Position26>
        <Filename Value="design_frm.pas"/>
        <Caret Line="278" Column="11" TopLine="260"/>
      </Position26>
      <Position27>
        <Filename Value="design_frm.pas"/>
        <Caret Line="274" Column="57" TopLine="253"/>
      </Position27>
      <Position28>
        <Filename Value="design_frm.pas"/>
        <Caret Line="278" Column="10" TopLine="261"/>
      </Position28>
    </JumpHistory>
  </ProjectOptions>
  <CompilerOptions>
    <Version Value="9"/>
    <PathDelim Value="\"/>
    <Target>
      <Filename Value="s_frm_dsgn"/>
    </Target>
    <SearchPaths>
      <IncludeFiles Value="$(ProjOutDir)"/>
      <OtherUnitFiles Value="SimbaParts;..\Simba\Units\Misc\DCPCrypt;..\Simba\Units\MMLCore"/>
      <UnitOutputDirectory Value="lib\$(TargetCPU)-$(TargetOS)"/>
    </SearchPaths>
    <CodeGeneration>
      <Optimizations>
        <UncertainOptimizations Value="True"/>
        <OptimizationLevel Value="3"/>
      </Optimizations>
    </CodeGeneration>
    <Linking>
      <Debugging>
        <StripSymbols Value="True"/>
        <UseExternalDbgSyms Value="True"/>
      </Debugging>
      <LinkSmart Value="True"/>
      <Options>
        <Win32>
          <GraphicApplication Value="True"/>
        </Win32>
      </Options>
    </Linking>
    <Other>
      <CompilerMessages>
        <UseMsgFile Value="True"/>
      </CompilerMessages>
      <CompilerPath Value="$(CompPath)"/>
    </Other>
  </CompilerOptions>
  <Debugging>
    <Exceptions Count="3">
      <Item1>
        <Name Value="EAbort"/>
      </Item1>
      <Item2>
        <Name Value="ECodetoolError"/>
      </Item2>
      <Item3>
        <Name Value="EFOpenError"/>
      </Item3>
    </Exceptions>
  </Debugging>
</CONFIG>
